// !$*UTF8*$!
{
	archiveVersion = 1;
	classes = {
	};
	objectVersion = 46;
	objects = {

/* Begin PBXBuildFile section */
		866240C6F888F7469B962FD1 /* Pods_Badalementini.framework in Frameworks */ = {isa = PBXBuildFile; fileRef = 2392B117E06BB6F1B8B4270C /* Pods_Badalementini.framework */; };
		D216882E2082F17400F2E5B1 /* UNService.swift in Sources */ = {isa = PBXBuildFile; fileRef = D216882D2082F17400F2E5B1 /* UNService.swift */; };
		D21688302082FA4500F2E5B1 /* FIRMessagingService.swift in Sources */ = {isa = PBXBuildFile; fileRef = D216882F2082FA4500F2E5B1 /* FIRMessagingService.swift */; };
		D218BA4C1EFA1D9D0054F3B2 /* ActivityIndicator.swift in Sources */ = {isa = PBXBuildFile; fileRef = D218BA4B1EFA1D9D0054F3B2 /* ActivityIndicator.swift */; };
		D23079BA1EE772A700EA34CF /* MissingPetTableViewCell.swift in Sources */ = {isa = PBXBuildFile; fileRef = D23079B81EE772A700EA34CF /* MissingPetTableViewCell.swift */; };
		D23079BB1EE772A700EA34CF /* MissingPetTableViewCell.xib in Resources */ = {isa = PBXBuildFile; fileRef = D23079B91EE772A700EA34CF /* MissingPetTableViewCell.xib */; };
		D23079BD1EE7D1DB00EA34CF /* UserProfileViewController.swift in Sources */ = {isa = PBXBuildFile; fileRef = D23079BC1EE7D1DB00EA34CF /* UserProfileViewController.swift */; };
		D23079BF1EE7DA4A00EA34CF /* MapEntryViewControllerExtension.swift in Sources */ = {isa = PBXBuildFile; fileRef = D23079BE1EE7DA4A00EA34CF /* MapEntryViewControllerExtension.swift */; };
		D254A51E1EC8DB610079C17E /* AppDelegate.swift in Sources */ = {isa = PBXBuildFile; fileRef = D254A51D1EC8DB610079C17E /* AppDelegate.swift */; };
		D254A5201EC8DB610079C17E /* ViewController.swift in Sources */ = {isa = PBXBuildFile; fileRef = D254A51F1EC8DB610079C17E /* ViewController.swift */; };
		D254A5231EC8DB610079C17E /* Main.storyboard in Resources */ = {isa = PBXBuildFile; fileRef = D254A5211EC8DB610079C17E /* Main.storyboard */; };
		D254A5251EC8DB610079C17E /* Assets.xcassets in Resources */ = {isa = PBXBuildFile; fileRef = D254A5241EC8DB610079C17E /* Assets.xcassets */; };
		D254A5281EC8DB610079C17E /* LaunchScreen.storyboard in Resources */ = {isa = PBXBuildFile; fileRef = D254A5261EC8DB610079C17E /* LaunchScreen.storyboard */; };
		D254A5301EC8DBC70079C17E /* GoogleService-Info.plist in Resources */ = {isa = PBXBuildFile; fileRef = D254A52F1EC8DBC70079C17E /* GoogleService-Info.plist */; };
		D254A5321EC981330079C17E /* Annotation.swift in Sources */ = {isa = PBXBuildFile; fileRef = D254A5311EC981330079C17E /* Annotation.swift */; };
		D254A5341EC987500079C17E /* SignInViewController.swift in Sources */ = {isa = PBXBuildFile; fileRef = D254A5331EC987500079C17E /* SignInViewController.swift */; };
		D254A5361EC9880D0079C17E /* AppState.swift in Sources */ = {isa = PBXBuildFile; fileRef = D254A5351EC9880D0079C17E /* AppState.swift */; };
		D254A5381EC9894E0079C17E /* UserManager.swift in Sources */ = {isa = PBXBuildFile; fileRef = D254A5371EC9894E0079C17E /* UserManager.swift */; };
		D254A57E1ED551780079C17E /* MapEntryViewController.swift in Sources */ = {isa = PBXBuildFile; fileRef = D254A57D1ED551780079C17E /* MapEntryViewController.swift */; };
		D254A5801ED6A2E00079C17E /* UserLocationManager.swift in Sources */ = {isa = PBXBuildFile; fileRef = D254A57F1ED6A2E00079C17E /* UserLocationManager.swift */; };
		D254A5831ED757B20079C17E /* StrayModel.swift in Sources */ = {isa = PBXBuildFile; fileRef = D254A5821ED757B20079C17E /* StrayModel.swift */; };
		D25C108C1F057FB30014DA93 /* MissingAndAdoptionViewController.swift in Sources */ = {isa = PBXBuildFile; fileRef = D25C108B1F057FB30014DA93 /* MissingAndAdoptionViewController.swift */; };
		D25C108F1F0580C00014DA93 /* MissingAdoptionTableViewCell.swift in Sources */ = {isa = PBXBuildFile; fileRef = D25C108D1F0580C00014DA93 /* MissingAdoptionTableViewCell.swift */; };
		D25C10901F0580C00014DA93 /* MissingAdoptionTableViewCell.xib in Resources */ = {isa = PBXBuildFile; fileRef = D25C108E1F0580C00014DA93 /* MissingAdoptionTableViewCell.xib */; };
		D25C10921F0624520014DA93 /* PetAdoptionViewController.swift in Sources */ = {isa = PBXBuildFile; fileRef = D25C10911F0624520014DA93 /* PetAdoptionViewController.swift */; };
		D28A95D41EDE8E11009F9DFE /* StrayAnimalDetailViewController.swift in Sources */ = {isa = PBXBuildFile; fileRef = D28A95D31EDE8E11009F9DFE /* StrayAnimalDetailViewController.swift */; };
		D28A95D61EDFB1E2009F9DFE /* StrayAnnotationView.swift in Sources */ = {isa = PBXBuildFile; fileRef = D28A95D51EDFB1E2009F9DFE /* StrayAnnotationView.swift */; };
		D28A95DA1EDFCFDF009F9DFE /* UIImageViewExtension.swift in Sources */ = {isa = PBXBuildFile; fileRef = D28A95D91EDFCFDF009F9DFE /* UIImageViewExtension.swift */; };
		D28A95DC1EDFDC05009F9DFE /* TheActivityIndicator.swift in Sources */ = {isa = PBXBuildFile; fileRef = D28A95DB1EDFDC05009F9DFE /* TheActivityIndicator.swift */; };
		D28A95DE1EE536C7009F9DFE /* MissingPetViewController.swift in Sources */ = {isa = PBXBuildFile; fileRef = D28A95DD1EE536C7009F9DFE /* MissingPetViewController.swift */; };
		D29674FF1F0C3ADD0044C4F5 /* ClarifaiInteractor.swift in Sources */ = {isa = PBXBuildFile; fileRef = D29674FE1F0C3ADD0044C4F5 /* ClarifaiInteractor.swift */; };
		D2A619C21EFEF71E00C7D69C /* ImageDetailViewController.swift in Sources */ = {isa = PBXBuildFile; fileRef = D2A619C11EFEF71E00C7D69C /* ImageDetailViewController.swift */; };
		D2A619C51F00287100C7D69C /* StrayAnimalDetailTableViewCell.swift in Sources */ = {isa = PBXBuildFile; fileRef = D2A619C31F00287100C7D69C /* StrayAnimalDetailTableViewCell.swift */; };
		D2A619C61F00287100C7D69C /* StrayAnimalDetailTableViewCell.xib in Resources */ = {isa = PBXBuildFile; fileRef = D2A619C41F00287100C7D69C /* StrayAnimalDetailTableViewCell.xib */; };
		D2BB2EC81F10AF17008FF9BE /* EntryButtons.swift in Sources */ = {isa = PBXBuildFile; fileRef = D2BB2EC71F10AF17008FF9BE /* EntryButtons.swift */; };
		D2D2C1C11EFAC11A00882E06 /* StrayAnimalEntryTableViewCell.swift in Sources */ = {isa = PBXBuildFile; fileRef = D2D2C1BF1EFAC11A00882E06 /* StrayAnimalEntryTableViewCell.swift */; };
		D2D2C1C21EFAC11A00882E06 /* StrayAnimalEntryTableViewCell.xib in Resources */ = {isa = PBXBuildFile; fileRef = D2D2C1C01EFAC11A00882E06 /* StrayAnimalEntryTableViewCell.xib */; };
		D2EB944F1F034AFD00174DC5 /* UserPostsViewController.swift in Sources */ = {isa = PBXBuildFile; fileRef = D2EB944E1F034AFD00174DC5 /* UserPostsViewController.swift */; };
		D2EB94521F0352B800174DC5 /* UserPostTableViewCell.swift in Sources */ = {isa = PBXBuildFile; fileRef = D2EB94501F0352B800174DC5 /* UserPostTableViewCell.swift */; };
		D2EB94531F0352B800174DC5 /* UserPostTableViewCell.xib in Resources */ = {isa = PBXBuildFile; fileRef = D2EB94511F0352B800174DC5 /* UserPostTableViewCell.xib */; };
/* End PBXBuildFile section */

/* Begin PBXFileReference section */
		11F638F45EFAC58FFB67DB61 /* Pods-Badalementini.release.xcconfig */ = {isa = PBXFileReference; includeInIndex = 1; lastKnownFileType = text.xcconfig; name = "Pods-Badalementini.release.xcconfig"; path = "Pods/Target Support Files/Pods-Badalementini/Pods-Badalementini.release.xcconfig"; sourceTree = "<group>"; };
		2392B117E06BB6F1B8B4270C /* Pods_Badalementini.framework */ = {isa = PBXFileReference; explicitFileType = wrapper.framework; includeInIndex = 0; path = Pods_Badalementini.framework; sourceTree = BUILT_PRODUCTS_DIR; };
		AC2FD49481DC622C78150C18 /* Pods-Badalementini.debug.xcconfig */ = {isa = PBXFileReference; includeInIndex = 1; lastKnownFileType = text.xcconfig; name = "Pods-Badalementini.debug.xcconfig"; path = "Pods/Target Support Files/Pods-Badalementini/Pods-Badalementini.debug.xcconfig"; sourceTree = "<group>"; };
		D216882D2082F17400F2E5B1 /* UNService.swift */ = {isa = PBXFileReference; lastKnownFileType = sourcecode.swift; path = UNService.swift; sourceTree = "<group>"; };
		D216882F2082FA4500F2E5B1 /* FIRMessagingService.swift */ = {isa = PBXFileReference; lastKnownFileType = sourcecode.swift; path = FIRMessagingService.swift; sourceTree = "<group>"; };
		D218BA4B1EFA1D9D0054F3B2 /* ActivityIndicator.swift */ = {isa = PBXFileReference; fileEncoding = 4; lastKnownFileType = sourcecode.swift; path = ActivityIndicator.swift; sourceTree = "<group>"; };
		D23079B81EE772A700EA34CF /* MissingPetTableViewCell.swift */ = {isa = PBXFileReference; fileEncoding = 4; lastKnownFileType = sourcecode.swift; path = MissingPetTableViewCell.swift; sourceTree = "<group>"; };
		D23079B91EE772A700EA34CF /* MissingPetTableViewCell.xib */ = {isa = PBXFileReference; fileEncoding = 4; lastKnownFileType = file.xib; path = MissingPetTableViewCell.xib; sourceTree = "<group>"; };
		D23079BC1EE7D1DB00EA34CF /* UserProfileViewController.swift */ = {isa = PBXFileReference; fileEncoding = 4; lastKnownFileType = sourcecode.swift; path = UserProfileViewController.swift; sourceTree = "<group>"; };
		D23079BE1EE7DA4A00EA34CF /* MapEntryViewControllerExtension.swift */ = {isa = PBXFileReference; fileEncoding = 4; lastKnownFileType = sourcecode.swift; path = MapEntryViewControllerExtension.swift; sourceTree = "<group>"; };
		D254A51A1EC8DB610079C17E /* Badalementini.app */ = {isa = PBXFileReference; explicitFileType = wrapper.application; includeInIndex = 0; path = Badalementini.app; sourceTree = BUILT_PRODUCTS_DIR; };
		D254A51D1EC8DB610079C17E /* AppDelegate.swift */ = {isa = PBXFileReference; lastKnownFileType = sourcecode.swift; path = AppDelegate.swift; sourceTree = "<group>"; };
		D254A51F1EC8DB610079C17E /* ViewController.swift */ = {isa = PBXFileReference; lastKnownFileType = sourcecode.swift; path = ViewController.swift; sourceTree = "<group>"; };
		D254A5221EC8DB610079C17E /* Base */ = {isa = PBXFileReference; lastKnownFileType = file.storyboard; name = Base; path = Base.lproj/Main.storyboard; sourceTree = "<group>"; };
		D254A5241EC8DB610079C17E /* Assets.xcassets */ = {isa = PBXFileReference; lastKnownFileType = folder.assetcatalog; path = Assets.xcassets; sourceTree = "<group>"; };
		D254A5271EC8DB610079C17E /* Base */ = {isa = PBXFileReference; lastKnownFileType = file.storyboard; name = Base; path = Base.lproj/LaunchScreen.storyboard; sourceTree = "<group>"; };
		D254A5291EC8DB610079C17E /* Info.plist */ = {isa = PBXFileReference; lastKnownFileType = text.plist.xml; path = Info.plist; sourceTree = "<group>"; };
		D254A52F1EC8DBC70079C17E /* GoogleService-Info.plist */ = {isa = PBXFileReference; fileEncoding = 4; lastKnownFileType = text.plist.xml; path = "GoogleService-Info.plist"; sourceTree = "<group>"; };
		D254A5311EC981330079C17E /* Annotation.swift */ = {isa = PBXFileReference; fileEncoding = 4; lastKnownFileType = sourcecode.swift; path = Annotation.swift; sourceTree = "<group>"; };
		D254A5331EC987500079C17E /* SignInViewController.swift */ = {isa = PBXFileReference; fileEncoding = 4; lastKnownFileType = sourcecode.swift; path = SignInViewController.swift; sourceTree = "<group>"; };
		D254A5351EC9880D0079C17E /* AppState.swift */ = {isa = PBXFileReference; fileEncoding = 4; lastKnownFileType = sourcecode.swift; path = AppState.swift; sourceTree = "<group>"; };
		D254A5371EC9894E0079C17E /* UserManager.swift */ = {isa = PBXFileReference; fileEncoding = 4; lastKnownFileType = sourcecode.swift; path = UserManager.swift; sourceTree = "<group>"; };
		D254A57D1ED551780079C17E /* MapEntryViewController.swift */ = {isa = PBXFileReference; fileEncoding = 4; lastKnownFileType = sourcecode.swift; path = MapEntryViewController.swift; sourceTree = "<group>"; };
		D254A57F1ED6A2E00079C17E /* UserLocationManager.swift */ = {isa = PBXFileReference; fileEncoding = 4; lastKnownFileType = sourcecode.swift; path = UserLocationManager.swift; sourceTree = "<group>"; };
		D254A5821ED757B20079C17E /* StrayModel.swift */ = {isa = PBXFileReference; fileEncoding = 4; lastKnownFileType = sourcecode.swift; path = StrayModel.swift; sourceTree = "<group>"; };
		D25C108B1F057FB30014DA93 /* MissingAndAdoptionViewController.swift */ = {isa = PBXFileReference; fileEncoding = 4; lastKnownFileType = sourcecode.swift; path = MissingAndAdoptionViewController.swift; sourceTree = "<group>"; };
		D25C108D1F0580C00014DA93 /* MissingAdoptionTableViewCell.swift */ = {isa = PBXFileReference; fileEncoding = 4; lastKnownFileType = sourcecode.swift; path = MissingAdoptionTableViewCell.swift; sourceTree = "<group>"; };
		D25C108E1F0580C00014DA93 /* MissingAdoptionTableViewCell.xib */ = {isa = PBXFileReference; fileEncoding = 4; lastKnownFileType = file.xib; path = MissingAdoptionTableViewCell.xib; sourceTree = "<group>"; };
		D25C10911F0624520014DA93 /* PetAdoptionViewController.swift */ = {isa = PBXFileReference; fileEncoding = 4; lastKnownFileType = sourcecode.swift; path = PetAdoptionViewController.swift; sourceTree = "<group>"; };
		D28A95D31EDE8E11009F9DFE /* StrayAnimalDetailViewController.swift */ = {isa = PBXFileReference; fileEncoding = 4; lastKnownFileType = sourcecode.swift; path = StrayAnimalDetailViewController.swift; sourceTree = "<group>"; };
		D28A95D51EDFB1E2009F9DFE /* StrayAnnotationView.swift */ = {isa = PBXFileReference; fileEncoding = 4; lastKnownFileType = sourcecode.swift; path = StrayAnnotationView.swift; sourceTree = "<group>"; };
		D28A95D91EDFCFDF009F9DFE /* UIImageViewExtension.swift */ = {isa = PBXFileReference; fileEncoding = 4; lastKnownFileType = sourcecode.swift; path = UIImageViewExtension.swift; sourceTree = "<group>"; };
		D28A95DB1EDFDC05009F9DFE /* TheActivityIndicator.swift */ = {isa = PBXFileReference; fileEncoding = 4; lastKnownFileType = sourcecode.swift; path = TheActivityIndicator.swift; sourceTree = "<group>"; };
		D28A95DD1EE536C7009F9DFE /* MissingPetViewController.swift */ = {isa = PBXFileReference; fileEncoding = 4; lastKnownFileType = sourcecode.swift; path = MissingPetViewController.swift; sourceTree = "<group>"; };
		D29674FE1F0C3ADD0044C4F5 /* ClarifaiInteractor.swift */ = {isa = PBXFileReference; fileEncoding = 4; lastKnownFileType = sourcecode.swift; name = ClarifaiInteractor.swift; path = ../ClarifaiInteractor.swift; sourceTree = "<group>"; };
		D2A619C11EFEF71E00C7D69C /* ImageDetailViewController.swift */ = {isa = PBXFileReference; fileEncoding = 4; lastKnownFileType = sourcecode.swift; path = ImageDetailViewController.swift; sourceTree = "<group>"; };
		D2A619C31F00287100C7D69C /* StrayAnimalDetailTableViewCell.swift */ = {isa = PBXFileReference; fileEncoding = 4; lastKnownFileType = sourcecode.swift; path = StrayAnimalDetailTableViewCell.swift; sourceTree = "<group>"; };
		D2A619C41F00287100C7D69C /* StrayAnimalDetailTableViewCell.xib */ = {isa = PBXFileReference; fileEncoding = 4; lastKnownFileType = file.xib; path = StrayAnimalDetailTableViewCell.xib; sourceTree = "<group>"; };
		D2BB2EC71F10AF17008FF9BE /* EntryButtons.swift */ = {isa = PBXFileReference; fileEncoding = 4; lastKnownFileType = sourcecode.swift; path = EntryButtons.swift; sourceTree = "<group>"; };
		D2D2C1BF1EFAC11A00882E06 /* StrayAnimalEntryTableViewCell.swift */ = {isa = PBXFileReference; fileEncoding = 4; lastKnownFileType = sourcecode.swift; path = StrayAnimalEntryTableViewCell.swift; sourceTree = "<group>"; };
		D2D2C1C01EFAC11A00882E06 /* StrayAnimalEntryTableViewCell.xib */ = {isa = PBXFileReference; fileEncoding = 4; lastKnownFileType = file.xib; path = StrayAnimalEntryTableViewCell.xib; sourceTree = "<group>"; };
		D2EB944E1F034AFD00174DC5 /* UserPostsViewController.swift */ = {isa = PBXFileReference; fileEncoding = 4; lastKnownFileType = sourcecode.swift; path = UserPostsViewController.swift; sourceTree = "<group>"; };
		D2EB94501F0352B800174DC5 /* UserPostTableViewCell.swift */ = {isa = PBXFileReference; fileEncoding = 4; lastKnownFileType = sourcecode.swift; path = UserPostTableViewCell.swift; sourceTree = "<group>"; };
		D2EB94511F0352B800174DC5 /* UserPostTableViewCell.xib */ = {isa = PBXFileReference; fileEncoding = 4; lastKnownFileType = file.xib; path = UserPostTableViewCell.xib; sourceTree = "<group>"; };
		D2EB94541F0440A700174DC5 /* Badalementini.entitlements */ = {isa = PBXFileReference; lastKnownFileType = text.plist.entitlements; path = Badalementini.entitlements; sourceTree = "<group>"; };
/* End PBXFileReference section */

/* Begin PBXFrameworksBuildPhase section */
		D254A5171EC8DB610079C17E /* Frameworks */ = {
			isa = PBXFrameworksBuildPhase;
			buildActionMask = 2147483647;
			files = (
				866240C6F888F7469B962FD1 /* Pods_Badalementini.framework in Frameworks */,
			);
			runOnlyForDeploymentPostprocessing = 0;
		};
/* End PBXFrameworksBuildPhase section */

/* Begin PBXGroup section */
		6FCD5FF0BB49BD638DB176F9 /* Pods */ = {
			isa = PBXGroup;
			children = (
				AC2FD49481DC622C78150C18 /* Pods-Badalementini.debug.xcconfig */,
				11F638F45EFAC58FFB67DB61 /* Pods-Badalementini.release.xcconfig */,
			);
			name = Pods;
			sourceTree = "<group>";
		};
		9BAA37B67A3E2964D2428807 /* Frameworks */ = {
			isa = PBXGroup;
			children = (
				2392B117E06BB6F1B8B4270C /* Pods_Badalementini.framework */,
			);
			name = Frameworks;
			sourceTree = "<group>";
		};
		D254A5111EC8DB610079C17E = {
			isa = PBXGroup;
			children = (
				D254A51C1EC8DB610079C17E /* Badalementini */,
				D254A51B1EC8DB610079C17E /* Products */,
				6FCD5FF0BB49BD638DB176F9 /* Pods */,
				9BAA37B67A3E2964D2428807 /* Frameworks */,
			);
			sourceTree = "<group>";
		};
		D254A51B1EC8DB610079C17E /* Products */ = {
			isa = PBXGroup;
			children = (
				D254A51A1EC8DB610079C17E /* Badalementini.app */,
			);
			name = Products;
			sourceTree = "<group>";
		};
		D254A51C1EC8DB610079C17E /* Badalementini */ = {
			isa = PBXGroup;
			children = (
				D2BB2EC41F0FEA24008FF9BE /* Interactor */,
				D2EB94541F0440A700174DC5 /* Badalementini.entitlements */,
				D28A95D81EDFCFC9009F9DFE /* Extension */,
				D28A95D71EDFCEA9009F9DFE /* View */,
				D28A95D21EDE777F009F9DFE /* Model */,
				D28A95D11EDE7769009F9DFE /* Singleton */,
				D254A5811ED7529A0079C17E /* Controller */,
				D254A51D1EC8DB610079C17E /* AppDelegate.swift */,
				D254A5211EC8DB610079C17E /* Main.storyboard */,
				D254A5241EC8DB610079C17E /* Assets.xcassets */,
				D254A5261EC8DB610079C17E /* LaunchScreen.storyboard */,
				D254A52F1EC8DBC70079C17E /* GoogleService-Info.plist */,
				D254A5291EC8DB610079C17E /* Info.plist */,
			);
			path = Badalementini;
			sourceTree = "<group>";
		};
		D254A5811ED7529A0079C17E /* Controller */ = {
			isa = PBXGroup;
			children = (
				D254A51F1EC8DB610079C17E /* ViewController.swift */,
				D254A5331EC987500079C17E /* SignInViewController.swift */,
				D254A57D1ED551780079C17E /* MapEntryViewController.swift */,
				D28A95D31EDE8E11009F9DFE /* StrayAnimalDetailViewController.swift */,
				D28A95DD1EE536C7009F9DFE /* MissingPetViewController.swift */,
				D23079BC1EE7D1DB00EA34CF /* UserProfileViewController.swift */,
				D2A619C11EFEF71E00C7D69C /* ImageDetailViewController.swift */,
				D2EB944E1F034AFD00174DC5 /* UserPostsViewController.swift */,
				D25C108B1F057FB30014DA93 /* MissingAndAdoptionViewController.swift */,
				D25C10911F0624520014DA93 /* PetAdoptionViewController.swift */,
			);
			name = Controller;
			sourceTree = "<group>";
		};
		D28A95D11EDE7769009F9DFE /* Singleton */ = {
			isa = PBXGroup;
			children = (
				D254A5371EC9894E0079C17E /* UserManager.swift */,
				D254A5351EC9880D0079C17E /* AppState.swift */,
				D254A57F1ED6A2E00079C17E /* UserLocationManager.swift */,
				D216882D2082F17400F2E5B1 /* UNService.swift */,
				D216882F2082FA4500F2E5B1 /* FIRMessagingService.swift */,
			);
			name = Singleton;
			sourceTree = "<group>";
		};
		D28A95D21EDE777F009F9DFE /* Model */ = {
			isa = PBXGroup;
			children = (
				D254A5821ED757B20079C17E /* StrayModel.swift */,
				D254A5311EC981330079C17E /* Annotation.swift */,
			);
			name = Model;
			sourceTree = "<group>";
		};
		D28A95D71EDFCEA9009F9DFE /* View */ = {
			isa = PBXGroup;
			children = (
				D28A95D51EDFB1E2009F9DFE /* StrayAnnotationView.swift */,
				D218BA4B1EFA1D9D0054F3B2 /* ActivityIndicator.swift */,
				D28A95DB1EDFDC05009F9DFE /* TheActivityIndicator.swift */,
				D23079B81EE772A700EA34CF /* MissingPetTableViewCell.swift */,
				D23079B91EE772A700EA34CF /* MissingPetTableViewCell.xib */,
				D2D2C1BF1EFAC11A00882E06 /* StrayAnimalEntryTableViewCell.swift */,
				D2D2C1C01EFAC11A00882E06 /* StrayAnimalEntryTableViewCell.xib */,
				D2A619C31F00287100C7D69C /* StrayAnimalDetailTableViewCell.swift */,
				D2A619C41F00287100C7D69C /* StrayAnimalDetailTableViewCell.xib */,
				D2EB94501F0352B800174DC5 /* UserPostTableViewCell.swift */,
				D2EB94511F0352B800174DC5 /* UserPostTableViewCell.xib */,
				D25C108D1F0580C00014DA93 /* MissingAdoptionTableViewCell.swift */,
				D25C108E1F0580C00014DA93 /* MissingAdoptionTableViewCell.xib */,
				D2BB2EC71F10AF17008FF9BE /* EntryButtons.swift */,
			);
			name = View;
			sourceTree = "<group>";
		};
		D28A95D81EDFCFC9009F9DFE /* Extension */ = {
			isa = PBXGroup;
			children = (
				D28A95D91EDFCFDF009F9DFE /* UIImageViewExtension.swift */,
				D23079BE1EE7DA4A00EA34CF /* MapEntryViewControllerExtension.swift */,
			);
			name = Extension;
			sourceTree = "<group>";
		};
		D2BB2EC41F0FEA24008FF9BE /* Interactor */ = {
			isa = PBXGroup;
			children = (
				D29674FE1F0C3ADD0044C4F5 /* ClarifaiInteractor.swift */,
			);
			name = Interactor;
			sourceTree = "<group>";
		};
/* End PBXGroup section */

/* Begin PBXNativeTarget section */
		D254A5191EC8DB610079C17E /* Badalementini */ = {
			isa = PBXNativeTarget;
			buildConfigurationList = D254A52C1EC8DB610079C17E /* Build configuration list for PBXNativeTarget "Badalementini" */;
			buildPhases = (
				46F3F333451BC7BAAA439ED1 /* [CP] Check Pods Manifest.lock */,
				D254A5161EC8DB610079C17E /* Sources */,
				D254A5171EC8DB610079C17E /* Frameworks */,
				D254A5181EC8DB610079C17E /* Resources */,
				E2D14A8E148D18E016FCC1EA /* [CP] Embed Pods Frameworks */,
				40A36A605E1B3B2FEAC6DDB1 /* [CP] Copy Pods Resources */,
			);
			buildRules = (
			);
			dependencies = (
			);
			name = Badalementini;
			productName = Badalementini;
			productReference = D254A51A1EC8DB610079C17E /* Badalementini.app */;
			productType = "com.apple.product-type.application";
		};
/* End PBXNativeTarget section */

/* Begin PBXProject section */
		D254A5121EC8DB610079C17E /* Project object */ = {
			isa = PBXProject;
			attributes = {
				LastSwiftUpdateCheck = 0800;
				LastUpgradeCheck = 0800;
				ORGANIZATIONNAME = ErmanMaris;
				TargetAttributes = {
					D254A5191EC8DB610079C17E = {
						CreatedOnToolsVersion = 8.0;
						DevelopmentTeam = X5NHG8EC8E;
						ProvisioningStyle = Automatic;
						SystemCapabilities = {
							com.apple.BackgroundModes = {
								enabled = 1;
							};
							com.apple.Keychain = {
								enabled = 1;
							};
							com.apple.Push = {
								enabled = 1;
							};
						};
					};
				};
			};
			buildConfigurationList = D254A5151EC8DB610079C17E /* Build configuration list for PBXProject "Badalementini" */;
			compatibilityVersion = "Xcode 3.2";
			developmentRegion = English;
			hasScannedForEncodings = 0;
			knownRegions = (
				en,
				Base,
			);
			mainGroup = D254A5111EC8DB610079C17E;
			productRefGroup = D254A51B1EC8DB610079C17E /* Products */;
			projectDirPath = "";
			projectRoot = "";
			targets = (
				D254A5191EC8DB610079C17E /* Badalementini */,
			);
		};
/* End PBXProject section */

/* Begin PBXResourcesBuildPhase section */
		D254A5181EC8DB610079C17E /* Resources */ = {
			isa = PBXResourcesBuildPhase;
			buildActionMask = 2147483647;
			files = (
				D254A5281EC8DB610079C17E /* LaunchScreen.storyboard in Resources */,
				D23079BB1EE772A700EA34CF /* MissingPetTableViewCell.xib in Resources */,
				D2EB94531F0352B800174DC5 /* UserPostTableViewCell.xib in Resources */,
				D254A5301EC8DBC70079C17E /* GoogleService-Info.plist in Resources */,
				D254A5251EC8DB610079C17E /* Assets.xcassets in Resources */,
				D2D2C1C21EFAC11A00882E06 /* StrayAnimalEntryTableViewCell.xib in Resources */,
				D25C10901F0580C00014DA93 /* MissingAdoptionTableViewCell.xib in Resources */,
				D254A5231EC8DB610079C17E /* Main.storyboard in Resources */,
				D2A619C61F00287100C7D69C /* StrayAnimalDetailTableViewCell.xib in Resources */,
			);
			runOnlyForDeploymentPostprocessing = 0;
		};
/* End PBXResourcesBuildPhase section */

/* Begin PBXShellScriptBuildPhase section */
		40A36A605E1B3B2FEAC6DDB1 /* [CP] Copy Pods Resources */ = {
			isa = PBXShellScriptBuildPhase;
			buildActionMask = 2147483647;
			files = (
			);
			inputPaths = (
			);
			name = "[CP] Copy Pods Resources";
			outputPaths = (
			);
			runOnlyForDeploymentPostprocessing = 0;
			shellPath = /bin/sh;
			shellScript = "\"${SRCROOT}/Pods/Target Support Files/Pods-Badalementini/Pods-Badalementini-resources.sh\"\n";
			showEnvVarsInLog = 0;
		};
		46F3F333451BC7BAAA439ED1 /* [CP] Check Pods Manifest.lock */ = {
			isa = PBXShellScriptBuildPhase;
			buildActionMask = 2147483647;
			files = (
			);
			inputPaths = (
				"${PODS_PODFILE_DIR_PATH}/Podfile.lock",
				"${PODS_ROOT}/Manifest.lock",
			);
			name = "[CP] Check Pods Manifest.lock";
			outputPaths = (
				"$(DERIVED_FILE_DIR)/Pods-Badalementini-checkManifestLockResult.txt",
			);
			runOnlyForDeploymentPostprocessing = 0;
			shellPath = /bin/sh;
			shellScript = "diff \"${PODS_PODFILE_DIR_PATH}/Podfile.lock\" \"${PODS_ROOT}/Manifest.lock\" > /dev/null\nif [ $? != 0 ] ; then\n    # print error to STDERR\n    echo \"error: The sandbox is not in sync with the Podfile.lock. Run 'pod install' or update your CocoaPods installation.\" >&2\n    exit 1\nfi\n# This output is used by Xcode 'outputs' to avoid re-running this script phase.\necho \"SUCCESS\" > \"${SCRIPT_OUTPUT_FILE_0}\"\n";
			showEnvVarsInLog = 0;
		};
		E2D14A8E148D18E016FCC1EA /* [CP] Embed Pods Frameworks */ = {
			isa = PBXShellScriptBuildPhase;
			buildActionMask = 2147483647;
			files = (
			);
			inputPaths = (
				"${SRCROOT}/Pods/Target Support Files/Pods-Badalementini/Pods-Badalementini-frameworks.sh",
				"${BUILT_PRODUCTS_DIR}/AFNetworking/AFNetworking.framework",
				"${BUILT_PRODUCTS_DIR}/Alamofire/Alamofire.framework",
				"${BUILT_PRODUCTS_DIR}/AlamofireImage/AlamofireImage.framework",
				"${BUILT_PRODUCTS_DIR}/Bolts/Bolts.framework",
				"${BUILT_PRODUCTS_DIR}/Clarifai/Clarifai.framework",
				"${BUILT_PRODUCTS_DIR}/FBSDKCoreKit/FBSDKCoreKit.framework",
				"${BUILT_PRODUCTS_DIR}/FBSDKLoginKit/FBSDKLoginKit.framework",
				"${BUILT_PRODUCTS_DIR}/FBSDKShareKit/FBSDKShareKit.framework",
				"${BUILT_PRODUCTS_DIR}/FacebookCore/FacebookCore.framework",
				"${BUILT_PRODUCTS_DIR}/FacebookLogin/FacebookLogin.framework",
				"${BUILT_PRODUCTS_DIR}/FacebookShare/FacebookShare.framework",
				"${BUILT_PRODUCTS_DIR}/GTMSessionFetcher/GTMSessionFetcher.framework",
				"${BUILT_PRODUCTS_DIR}/GoogleToolboxForMac/GoogleToolboxForMac.framework",
				"${BUILT_PRODUCTS_DIR}/Protobuf/Protobuf.framework",
				"${BUILT_PRODUCTS_DIR}/leveldb-library/leveldb.framework",
				"${BUILT_PRODUCTS_DIR}/nanopb/nanopb.framework",
			);
			name = "[CP] Embed Pods Frameworks";
			outputPaths = (
				"${TARGET_BUILD_DIR}/${FRAMEWORKS_FOLDER_PATH}/AFNetworking.framework",
				"${TARGET_BUILD_DIR}/${FRAMEWORKS_FOLDER_PATH}/Alamofire.framework",
				"${TARGET_BUILD_DIR}/${FRAMEWORKS_FOLDER_PATH}/AlamofireImage.framework",
				"${TARGET_BUILD_DIR}/${FRAMEWORKS_FOLDER_PATH}/Bolts.framework",
				"${TARGET_BUILD_DIR}/${FRAMEWORKS_FOLDER_PATH}/Clarifai.framework",
				"${TARGET_BUILD_DIR}/${FRAMEWORKS_FOLDER_PATH}/FBSDKCoreKit.framework",
				"${TARGET_BUILD_DIR}/${FRAMEWORKS_FOLDER_PATH}/FBSDKLoginKit.framework",
				"${TARGET_BUILD_DIR}/${FRAMEWORKS_FOLDER_PATH}/FBSDKShareKit.framework",
				"${TARGET_BUILD_DIR}/${FRAMEWORKS_FOLDER_PATH}/FacebookCore.framework",
				"${TARGET_BUILD_DIR}/${FRAMEWORKS_FOLDER_PATH}/FacebookLogin.framework",
				"${TARGET_BUILD_DIR}/${FRAMEWORKS_FOLDER_PATH}/FacebookShare.framework",
				"${TARGET_BUILD_DIR}/${FRAMEWORKS_FOLDER_PATH}/GTMSessionFetcher.framework",
				"${TARGET_BUILD_DIR}/${FRAMEWORKS_FOLDER_PATH}/GoogleToolboxForMac.framework",
				"${TARGET_BUILD_DIR}/${FRAMEWORKS_FOLDER_PATH}/Protobuf.framework",
				"${TARGET_BUILD_DIR}/${FRAMEWORKS_FOLDER_PATH}/leveldb.framework",
				"${TARGET_BUILD_DIR}/${FRAMEWORKS_FOLDER_PATH}/nanopb.framework",
			);
			runOnlyForDeploymentPostprocessing = 0;
			shellPath = /bin/sh;
			shellScript = "\"${SRCROOT}/Pods/Target Support Files/Pods-Badalementini/Pods-Badalementini-frameworks.sh\"\n";
			showEnvVarsInLog = 0;
		};
/* End PBXShellScriptBuildPhase section */

/* Begin PBXSourcesBuildPhase section */
		D254A5161EC8DB610079C17E /* Sources */ = {
			isa = PBXSourcesBuildPhase;
			buildActionMask = 2147483647;
			files = (
				D254A5381EC9894E0079C17E /* UserManager.swift in Sources */,
				D2A619C51F00287100C7D69C /* StrayAnimalDetailTableViewCell.swift in Sources */,
				D28A95DE1EE536C7009F9DFE /* MissingPetViewController.swift in Sources */,
				D216882E2082F17400F2E5B1 /* UNService.swift in Sources */,
				D25C108C1F057FB30014DA93 /* MissingAndAdoptionViewController.swift in Sources */,
				D28A95DC1EDFDC05009F9DFE /* TheActivityIndicator.swift in Sources */,
				D28A95D41EDE8E11009F9DFE /* StrayAnimalDetailViewController.swift in Sources */,
				D28A95DA1EDFCFDF009F9DFE /* UIImageViewExtension.swift in Sources */,
				D23079BA1EE772A700EA34CF /* MissingPetTableViewCell.swift in Sources */,
				D254A5361EC9880D0079C17E /* AppState.swift in Sources */,
				D25C108F1F0580C00014DA93 /* MissingAdoptionTableViewCell.swift in Sources */,
				D2BB2EC81F10AF17008FF9BE /* EntryButtons.swift in Sources */,
				D254A5341EC987500079C17E /* SignInViewController.swift in Sources */,
				D2EB944F1F034AFD00174DC5 /* UserPostsViewController.swift in Sources */,
				D2EB94521F0352B800174DC5 /* UserPostTableViewCell.swift in Sources */,
				D254A5201EC8DB610079C17E /* ViewController.swift in Sources */,
				D25C10921F0624520014DA93 /* PetAdoptionViewController.swift in Sources */,
				D23079BF1EE7DA4A00EA34CF /* MapEntryViewControllerExtension.swift in Sources */,
				D23079BD1EE7D1DB00EA34CF /* UserProfileViewController.swift in Sources */,
				D254A57E1ED551780079C17E /* MapEntryViewController.swift in Sources */,
				D28A95D61EDFB1E2009F9DFE /* StrayAnnotationView.swift in Sources */,
				D254A5321EC981330079C17E /* Annotation.swift in Sources */,
				D254A51E1EC8DB610079C17E /* AppDelegate.swift in Sources */,
				D29674FF1F0C3ADD0044C4F5 /* ClarifaiInteractor.swift in Sources */,
				D254A5831ED757B20079C17E /* StrayModel.swift in Sources */,
				D218BA4C1EFA1D9D0054F3B2 /* ActivityIndicator.swift in Sources */,
				D2D2C1C11EFAC11A00882E06 /* StrayAnimalEntryTableViewCell.swift in Sources */,
				D254A5801ED6A2E00079C17E /* UserLocationManager.swift in Sources */,
				D21688302082FA4500F2E5B1 /* FIRMessagingService.swift in Sources */,
				D2A619C21EFEF71E00C7D69C /* ImageDetailViewController.swift in Sources */,
			);
			runOnlyForDeploymentPostprocessing = 0;
		};
/* End PBXSourcesBuildPhase section */

/* Begin PBXVariantGroup section */
		D254A5211EC8DB610079C17E /* Main.storyboard */ = {
			isa = PBXVariantGroup;
			children = (
				D254A5221EC8DB610079C17E /* Base */,
			);
			name = Main.storyboard;
			sourceTree = "<group>";
		};
		D254A5261EC8DB610079C17E /* LaunchScreen.storyboard */ = {
			isa = PBXVariantGroup;
			children = (
				D254A5271EC8DB610079C17E /* Base */,
			);
			name = LaunchScreen.storyboard;
			sourceTree = "<group>";
		};
/* End PBXVariantGroup section */

/* Begin XCBuildConfiguration section */
		D254A52A1EC8DB610079C17E /* Debug */ = {
			isa = XCBuildConfiguration;
			buildSettings = {
				ALWAYS_SEARCH_USER_PATHS = NO;
				CLANG_ANALYZER_NONNULL = YES;
				CLANG_CXX_LANGUAGE_STANDARD = "gnu++0x";
				CLANG_CXX_LIBRARY = "libc++";
				CLANG_ENABLE_MODULES = YES;
				CLANG_ENABLE_OBJC_ARC = YES;
				CLANG_WARN_BOOL_CONVERSION = YES;
				CLANG_WARN_CONSTANT_CONVERSION = YES;
				CLANG_WARN_DIRECT_OBJC_ISA_USAGE = YES_ERROR;
				CLANG_WARN_DOCUMENTATION_COMMENTS = YES;
				CLANG_WARN_EMPTY_BODY = YES;
				CLANG_WARN_ENUM_CONVERSION = YES;
				CLANG_WARN_INFINITE_RECURSION = YES;
				CLANG_WARN_INT_CONVERSION = YES;
				CLANG_WARN_OBJC_ROOT_CLASS = YES_ERROR;
				CLANG_WARN_SUSPICIOUS_MOVES = YES;
				CLANG_WARN_UNREACHABLE_CODE = YES;
				CLANG_WARN__DUPLICATE_METHOD_MATCH = YES;
				"CODE_SIGN_IDENTITY[sdk=iphoneos*]" = "iPhone Developer";
				COPY_PHASE_STRIP = NO;
				DEBUG_INFORMATION_FORMAT = dwarf;
				ENABLE_STRICT_OBJC_MSGSEND = YES;
				ENABLE_TESTABILITY = YES;
				GCC_C_LANGUAGE_STANDARD = gnu99;
				GCC_DYNAMIC_NO_PIC = NO;
				GCC_NO_COMMON_BLOCKS = YES;
				GCC_OPTIMIZATION_LEVEL = 0;
				GCC_PREPROCESSOR_DEFINITIONS = (
					"DEBUG=1",
					"$(inherited)",
				);
				GCC_WARN_64_TO_32_BIT_CONVERSION = YES;
				GCC_WARN_ABOUT_RETURN_TYPE = YES_ERROR;
				GCC_WARN_UNDECLARED_SELECTOR = YES;
				GCC_WARN_UNINITIALIZED_AUTOS = YES_AGGRESSIVE;
				GCC_WARN_UNUSED_FUNCTION = YES;
				GCC_WARN_UNUSED_VARIABLE = YES;
				IPHONEOS_DEPLOYMENT_TARGET = 10.0;
				MTL_ENABLE_DEBUG_INFO = YES;
				ONLY_ACTIVE_ARCH = YES;
				SDKROOT = iphoneos;
				SWIFT_ACTIVE_COMPILATION_CONDITIONS = DEBUG;
				SWIFT_OPTIMIZATION_LEVEL = "-Onone";
			};
			name = Debug;
		};
		D254A52B1EC8DB610079C17E /* Release */ = {
			isa = XCBuildConfiguration;
			buildSettings = {
				ALWAYS_SEARCH_USER_PATHS = NO;
				CLANG_ANALYZER_NONNULL = YES;
				CLANG_CXX_LANGUAGE_STANDARD = "gnu++0x";
				CLANG_CXX_LIBRARY = "libc++";
				CLANG_ENABLE_MODULES = YES;
				CLANG_ENABLE_OBJC_ARC = YES;
				CLANG_WARN_BOOL_CONVERSION = YES;
				CLANG_WARN_CONSTANT_CONVERSION = YES;
				CLANG_WARN_DIRECT_OBJC_ISA_USAGE = YES_ERROR;
				CLANG_WARN_DOCUMENTATION_COMMENTS = YES;
				CLANG_WARN_EMPTY_BODY = YES;
				CLANG_WARN_ENUM_CONVERSION = YES;
				CLANG_WARN_INFINITE_RECURSION = YES;
				CLANG_WARN_INT_CONVERSION = YES;
				CLANG_WARN_OBJC_ROOT_CLASS = YES_ERROR;
				CLANG_WARN_SUSPICIOUS_MOVES = YES;
				CLANG_WARN_UNREACHABLE_CODE = YES;
				CLANG_WARN__DUPLICATE_METHOD_MATCH = YES;
				"CODE_SIGN_IDENTITY[sdk=iphoneos*]" = "iPhone Developer";
				COPY_PHASE_STRIP = NO;
				DEBUG_INFORMATION_FORMAT = "dwarf-with-dsym";
				ENABLE_NS_ASSERTIONS = NO;
				ENABLE_STRICT_OBJC_MSGSEND = YES;
				GCC_C_LANGUAGE_STANDARD = gnu99;
				GCC_NO_COMMON_BLOCKS = YES;
				GCC_WARN_64_TO_32_BIT_CONVERSION = YES;
				GCC_WARN_ABOUT_RETURN_TYPE = YES_ERROR;
				GCC_WARN_UNDECLARED_SELECTOR = YES;
				GCC_WARN_UNINITIALIZED_AUTOS = YES_AGGRESSIVE;
				GCC_WARN_UNUSED_FUNCTION = YES;
				GCC_WARN_UNUSED_VARIABLE = YES;
				IPHONEOS_DEPLOYMENT_TARGET = 10.0;
				MTL_ENABLE_DEBUG_INFO = NO;
				SDKROOT = iphoneos;
				SWIFT_OPTIMIZATION_LEVEL = "-Owholemodule";
				VALIDATE_PRODUCT = YES;
			};
			name = Release;
		};
		D254A52D1EC8DB610079C17E /* Debug */ = {
			isa = XCBuildConfiguration;
			baseConfigurationReference = AC2FD49481DC622C78150C18 /* Pods-Badalementini.debug.xcconfig */;
			buildSettings = {
				ASSETCATALOG_COMPILER_APPICON_NAME = AppIcon;
				CODE_SIGN_ENTITLEMENTS = Badalementini/Badalementini.entitlements;
				CODE_SIGN_IDENTITY = "iPhone Developer";
				CODE_SIGN_STYLE = Automatic;
				DEVELOPMENT_TEAM = X5NHG8EC8E;
				INFOPLIST_FILE = Badalementini/Info.plist;
				IPHONEOS_DEPLOYMENT_TARGET = 10.0;
				LD_RUNPATH_SEARCH_PATHS = "$(inherited) @executable_path/Frameworks";
				PRODUCT_BUNDLE_IDENTIFIER = com.mariserman.Badalementini;
				PRODUCT_NAME = "$(TARGET_NAME)";
				PROVISIONING_PROFILE = "";
				PROVISIONING_PROFILE_SPECIFIER = "";
				SWIFT_VERSION = 3.0;
			};
			name = Debug;
		};
		D254A52E1EC8DB610079C17E /* Release */ = {
			isa = XCBuildConfiguration;
			baseConfigurationReference = 11F638F45EFAC58FFB67DB61 /* Pods-Badalementini.release.xcconfig */;
			buildSettings = {
				ASSETCATALOG_COMPILER_APPICON_NAME = AppIcon;
				CODE_SIGN_ENTITLEMENTS = Badalementini/Badalementini.entitlements;
				CODE_SIGN_IDENTITY = "iPhone Developer";
				CODE_SIGN_STYLE = Automatic;
				DEVELOPMENT_TEAM = X5NHG8EC8E;
				INFOPLIST_FILE = Badalementini/Info.plist;
				IPHONEOS_DEPLOYMENT_TARGET = 10.0;
				LD_RUNPATH_SEARCH_PATHS = "$(inherited) @executable_path/Frameworks";
				PRODUCT_BUNDLE_IDENTIFIER = com.mariserman.Badalementini;
				PRODUCT_NAME = "$(TARGET_NAME)";
				PROVISIONING_PROFILE = "";
				PROVISIONING_PROFILE_SPECIFIER = "";
				SWIFT_VERSION = 3.0;
			};
			name = Release;
		};
/* End XCBuildConfiguration section */

/* Begin XCConfigurationList section */
		D254A5151EC8DB610079C17E /* Build configuration list for PBXProject "Badalementini" */ = {
			isa = XCConfigurationList;
			buildConfigurations = (
				D254A52A1EC8DB610079C17E /* Debug */,
				D254A52B1EC8DB610079C17E /* Release */,
			);
			defaultConfigurationIsVisible = 0;
			defaultConfigurationName = Release;
		};
		D254A52C1EC8DB610079C17E /* Build configuration list for PBXNativeTarget "Badalementini" */ = {
			isa = XCConfigurationList;
			buildConfigurations = (
				D254A52D1EC8DB610079C17E /* Debug */,
				D254A52E1EC8DB610079C17E /* Release */,
			);
			defaultConfigurationIsVisible = 0;
			defaultConfigurationName = Release;
		};
/* End XCConfigurationList section */
	};
	rootObject = D254A5121EC8DB610079C17E /* Project object */;
}
